
Microsoft Visual Studio Solution File, Format Version 12.00
# Visual Studio Version 17
VisualStudioVersion = 17.5.33414.496
MinimumVisualStudioVersion = 10.0.40219.1
Project("{FAE04EC0-301F-11D3-BF4B-00C04F79EFBC}") = "Projeto_Banco", "Projeto_Banco\Projeto_Banco.csproj", "{5B1F7DCA-31B0-4846-A766-4BE1B3514CD1}"
EndProject
Global
	GlobalSection(SolutionConfigurationPlatforms) = preSolution
		Debug|Any CPU = Debug|Any CPU
		Release|Any CPU = Release|Any CPU
	EndGlobalSection
	GlobalSection(ProjectConfigurationPlatforms) = postSolution
		{5B1F7DCA-31B0-4846-A766-4BE1B3514CD1}.Debug|Any CPU.ActiveCfg = Debug|Any CPU
		{5B1F7DCA-31B0-4846-A766-4BE1B3514CD1}.Debug|Any CPU.Build.0 = Debug|Any CPU
		{5B1F7DCA-31B0-4846-A766-4BE1B3514CD1}.Release|Any CPU.ActiveCfg = Release|Any CPU
		{5B1F7DCA-31B0-4846-A766-4BE1B3514CD1}.Release|Any CPU.Build.0 = Release|Any CPU
	EndGlobalSection
	GlobalSection(SolutionProperties) = preSolution
		HideSolutionNode = FALSE
	EndGlobalSection
	GlobalSection(ExtensibilityGlobals) = postSolution
		SolutionGuid = {F3D58F00-C301-4ED7-BEB0-8661C9E28017}
	EndGlobalSection
EndGlobal
